
Microsoft Visual Studio Solution File, Format Version 12.00
# Visual Studio 15
VisualStudioVersion = 15.0.28307.271
MinimumVisualStudioVersion = 10.0.40219.1
Project("{FAE04EC0-301F-11D3-BF4B-00C04F79EFBC}") = "FileMinifier", "FileMinifier\FileMinifier.csproj", "{E3B4D0AD-C92E-427E-9DCC-CAEA92B24DF0}"
EndProject
Project("{9A19103F-16F7-4668-BE54-9A1E7A4F7556}") = "FileServices", "FileServices\FileServices.csproj", "{2099D512-967D-489B-A969-3B4BDAE2419C}"
EndProject
Project("{FAE04EC0-301F-11D3-BF4B-00C04F79EFBC}") = "FileServices.Tests", "FileServices.Tests\FileServices.Tests.csproj", "{4A2B7400-11FF-4BD7-AAFE-EDFFEC784C5D}"
EndProject
Global
	GlobalSection(SolutionConfigurationPlatforms) = preSolution
		Debug|Any CPU = Debug|Any CPU
		Release|Any CPU = Release|Any CPU
	EndGlobalSection
	GlobalSection(ProjectConfigurationPlatforms) = postSolution
		{E3B4D0AD-C92E-427E-9DCC-CAEA92B24DF0}.Debug|Any CPU.ActiveCfg = Debug|Any CPU
		{E3B4D0AD-C92E-427E-9DCC-CAEA92B24DF0}.Debug|Any CPU.Build.0 = Debug|Any CPU
		{E3B4D0AD-C92E-427E-9DCC-CAEA92B24DF0}.Release|Any CPU.ActiveCfg = Release|Any CPU
		{E3B4D0AD-C92E-427E-9DCC-CAEA92B24DF0}.Release|Any CPU.Build.0 = Release|Any CPU
		{2099D512-967D-489B-A969-3B4BDAE2419C}.Debug|Any CPU.ActiveCfg = Debug|Any CPU
		{2099D512-967D-489B-A969-3B4BDAE2419C}.Debug|Any CPU.Build.0 = Debug|Any CPU
		{2099D512-967D-489B-A969-3B4BDAE2419C}.Release|Any CPU.ActiveCfg = Release|Any CPU
		{2099D512-967D-489B-A969-3B4BDAE2419C}.Release|Any CPU.Build.0 = Release|Any CPU
		{4A2B7400-11FF-4BD7-AAFE-EDFFEC784C5D}.Debug|Any CPU.ActiveCfg = Debug|Any CPU
		{4A2B7400-11FF-4BD7-AAFE-EDFFEC784C5D}.Debug|Any CPU.Build.0 = Debug|Any CPU
		{4A2B7400-11FF-4BD7-AAFE-EDFFEC784C5D}.Release|Any CPU.ActiveCfg = Release|Any CPU
		{4A2B7400-11FF-4BD7-AAFE-EDFFEC784C5D}.Release|Any CPU.Build.0 = Release|Any CPU
	EndGlobalSection
	GlobalSection(SolutionProperties) = preSolution
		HideSolutionNode = FALSE
	EndGlobalSection
	GlobalSection(ExtensibilityGlobals) = postSolution
		SolutionGuid = {7893003F-2EEB-465A-BBE2-67EEBF22149D}
	EndGlobalSection
EndGlobal
